
Microsoft Visual Studio Solution File, Format Version 12.00
# Visual Studio Version 17
VisualStudioVersion = 17.2.32526.322
MinimumVisualStudioVersion = 10.0.40219.1
Project("{FAE04EC0-301F-11D3-BF4B-00C04F79EFBC}") = "Web.Client", "Web.Client\Web.Client.csproj", "{BEB0DBCC-8AB0-48C3-9EC4-D6BBC0C7DD0B}"
EndProject
Project("{FAE04EC0-301F-11D3-BF4B-00C04F79EFBC}") = "Web.Api", "Web.Api\Web.Api.csproj", "{D1724856-580D-4BBE-8AB9-19C755201874}"
EndProject
Project("{FAE04EC0-301F-11D3-BF4B-00C04F79EFBC}") = "Domain", "Domain\Domain.csproj", "{D837DBF8-FE3F-47C3-B941-6B5ED6059519}"
EndProject
Project("{FAE04EC0-301F-11D3-BF4B-00C04F79EFBC}") = "Application", "Application\Application.csproj", "{A01CB838-1A17-4AA4-AAE6-1379AF892FAA}"
EndProject
Project("{FAE04EC0-301F-11D3-BF4B-00C04F79EFBC}") = "Infrastructure", "Infrastructure\Infrastructure.csproj", "{562368D0-D340-45D2-BD37-4DA76A8FF2EE}"
EndProject
Global
	GlobalSection(SolutionConfigurationPlatforms) = preSolution
		Debug|Any CPU = Debug|Any CPU
		Release|Any CPU = Release|Any CPU
	EndGlobalSection
	GlobalSection(ProjectConfigurationPlatforms) = postSolution
		{BEB0DBCC-8AB0-48C3-9EC4-D6BBC0C7DD0B}.Debug|Any CPU.ActiveCfg = Debug|Any CPU
		{BEB0DBCC-8AB0-48C3-9EC4-D6BBC0C7DD0B}.Debug|Any CPU.Build.0 = Debug|Any CPU
		{BEB0DBCC-8AB0-48C3-9EC4-D6BBC0C7DD0B}.Release|Any CPU.ActiveCfg = Release|Any CPU
		{BEB0DBCC-8AB0-48C3-9EC4-D6BBC0C7DD0B}.Release|Any CPU.Build.0 = Release|Any CPU
		{D1724856-580D-4BBE-8AB9-19C755201874}.Debug|Any CPU.ActiveCfg = Debug|Any CPU
		{D1724856-580D-4BBE-8AB9-19C755201874}.Debug|Any CPU.Build.0 = Debug|Any CPU
		{D1724856-580D-4BBE-8AB9-19C755201874}.Release|Any CPU.ActiveCfg = Release|Any CPU
		{D1724856-580D-4BBE-8AB9-19C755201874}.Release|Any CPU.Build.0 = Release|Any CPU
		{D837DBF8-FE3F-47C3-B941-6B5ED6059519}.Debug|Any CPU.ActiveCfg = Debug|Any CPU
		{D837DBF8-FE3F-47C3-B941-6B5ED6059519}.Debug|Any CPU.Build.0 = Debug|Any CPU
		{D837DBF8-FE3F-47C3-B941-6B5ED6059519}.Release|Any CPU.ActiveCfg = Release|Any CPU
		{D837DBF8-FE3F-47C3-B941-6B5ED6059519}.Release|Any CPU.Build.0 = Release|Any CPU
		{A01CB838-1A17-4AA4-AAE6-1379AF892FAA}.Debug|Any CPU.ActiveCfg = Debug|Any CPU
		{A01CB838-1A17-4AA4-AAE6-1379AF892FAA}.Debug|Any CPU.Build.0 = Debug|Any CPU
		{A01CB838-1A17-4AA4-AAE6-1379AF892FAA}.Release|Any CPU.ActiveCfg = Release|Any CPU
		{A01CB838-1A17-4AA4-AAE6-1379AF892FAA}.Release|Any CPU.Build.0 = Release|Any CPU
		{562368D0-D340-45D2-BD37-4DA76A8FF2EE}.Debug|Any CPU.ActiveCfg = Debug|Any CPU
		{562368D0-D340-45D2-BD37-4DA76A8FF2EE}.Debug|Any CPU.Build.0 = Debug|Any CPU
		{562368D0-D340-45D2-BD37-4DA76A8FF2EE}.Release|Any CPU.ActiveCfg = Release|Any CPU
		{562368D0-D340-45D2-BD37-4DA76A8FF2EE}.Release|Any CPU.Build.0 = Release|Any CPU
	EndGlobalSection
	GlobalSection(SolutionProperties) = preSolution
		HideSolutionNode = FALSE
	EndGlobalSection
	GlobalSection(ExtensibilityGlobals) = postSolution
		SolutionGuid = {C87EC5D0-23D7-4B4D-BB96-CECF7124FEFB}
	EndGlobalSection
EndGlobal
